{
    "name": "crawl",
    "version": "1.0.0",
    "lockfileVersion": 1,
    "requires": true,
    "dependencies": {
        "agent-base": {
            "version": "6.0.2",
            "resolved": "https://registry.npmjs.org/agent-base/-/agent-base-6.0.2.tgz",
            "integrity": "sha512-RZNwNclF7+MS/8bDg70amg32dyeZGZxiDuQmZxKLAlQjr3jGyLx+4Kkk58UO7D2QdgFIQCovuSuZESne6RG6XQ==",
            "requires": {
                "debug": "4"
            }
        },
        "ajv": {
            "version": "6.12.6",
            "resolved": "https://registry.npmjs.org/ajv/-/ajv-6.12.6.tgz",
            "integrity": "sha512-j3fVLgvTo527anyYyJOGTYJbG+vnnQYvE0m5mmkc1TK+nxAppkCLMIL0aZ4dblVCNoGShhm+kzE4ZUykBoMg4g==",
            "requires": {
                "fast-deep-equal": "^3.1.1",
                "fast-json-stable-stringify": "^2.0.0",
                "json-schema-traverse": "^0.4.1",
                "uri-js": "^4.2.2"
            }
        },
        "amazon-buddy": {
            "version": "2.2.41",
            "resolved": "https://registry.npmjs.org/amazon-buddy/-/amazon-buddy-2.2.41.tgz",
            "integrity": "sha512-G7//R9QW5CM1K6YUoGj3yc1jjzoEndQjASHoSbzFWV5scE+0Px2Yv2IM9UeTqsDc1elpY43yOOPlgWnlmQnntw==",
            "requires": {
                "async": "^3.2.0",
                "bluebird": "^3.7.2",
                "cheerio": "^1.0.0-rc.3",
                "json2csv": "^4.5.3",
                "moment": "^2.27.0",
                "ora": "^4.0.2",
                "request": "^2.88.0",
                "request-promise": "^4.2.4",
                "socks-proxy-agent": "^5.0.0",
                "tough-cookie": "^3.0.1",
                "yargs": "^14.2.0"
            }
        },
        "ansi-regex": {
            "version": "5.0.1",
            "resolved": "https://registry.npmjs.org/ansi-regex/-/ansi-regex-5.0.1.tgz",
            "integrity": "sha512-quJQXlTSUGL2LH9SUXo8VwsY4soanhgo6LNSm84E1LBcE8s3O0wpdiRzyR9z/ZZJMlMWv37qOOb9pdJlMUEKFQ=="
        },
        "ansi-styles": {
            "version": "4.3.0",
            "resolved": "https://registry.npmjs.org/ansi-styles/-/ansi-styles-4.3.0.tgz",
            "integrity": "sha512-zbB9rCJAT1rbjiVDb2hqKFHNYLxgtk8NURxZ3IZwD3F6NtxbXZQCnnSi1Lkx+IDohdPlFp222wVALIheZJQSEg==",
            "requires": {
                "color-convert": "^2.0.1"
            }
        },
        "asn1": {
            "version": "0.2.6",
            "resolved": "https://registry.npmjs.org/asn1/-/asn1-0.2.6.tgz",
            "integrity": "sha512-ix/FxPn0MDjeyJ7i/yoHGFt/EX6LyNbxSEhPPXODPL+KB0VPk86UYfL0lMdy+KCnv+fmvIzySwaK5COwqVbWTQ==",
            "requires": {
                "safer-buffer": "~2.1.0"
            }
        },
        "assert-plus": {
            "version": "1.0.0",
            "resolved": "https://registry.npmjs.org/assert-plus/-/assert-plus-1.0.0.tgz",
            "integrity": "sha1-8S4PPF13sLHN2RRpQuTpbB5N1SU="
        },
        "async": {
            "version": "3.2.2",
            "resolved": "https://registry.npmjs.org/async/-/async-3.2.2.tgz",
            "integrity": "sha512-H0E+qZaDEfx/FY4t7iLRv1W2fFI6+pyCeTw1uN20AQPiwqwM6ojPxHxdLv4z8hi2DtnW9BOckSspLucW7pIE5g=="
        },
        "asynckit": {
            "version": "0.4.0",
            "resolved": "https://registry.npmjs.org/asynckit/-/asynckit-0.4.0.tgz",
            "integrity": "sha1-x57Zf380y48robyXkLzDZkdLS3k="
        },
        "aws-sign2": {
            "version": "0.7.0",
            "resolved": "https://registry.npmjs.org/aws-sign2/-/aws-sign2-0.7.0.tgz",
            "integrity": "sha1-tG6JCTSpWR8tL2+G1+ap8bP+dqg="
        },
        "aws4": {
            "version": "1.11.0",
            "resolved": "https://registry.npmjs.org/aws4/-/aws4-1.11.0.tgz",
            "integrity": "sha512-xh1Rl34h6Fi1DC2WWKfxUTVqRsNnr6LsKz2+hfwDxQJWmrx8+c7ylaqBMcHfl1U1r2dsifOvKX3LQuLNZ+XSvA=="
        },
        "bcrypt-pbkdf": {
            "version": "1.0.2",
            "resolved": "https://registry.npmjs.org/bcrypt-pbkdf/-/bcrypt-pbkdf-1.0.2.tgz",
            "integrity": "sha1-pDAdOJtqQ/m2f/PKEaP2Y342Dp4=",
            "requires": {
                "tweetnacl": "^0.14.3"
            }
        },
        "bluebird": {
            "version": "3.7.2",
            "resolved": "https://registry.npmjs.org/bluebird/-/bluebird-3.7.2.tgz",
            "integrity": "sha512-XpNj6GDQzdfW+r2Wnn7xiSAd7TM3jzkxGXBGTtWKuSXv1xUV+azxAm8jdWZN06QTQk+2N2XB9jRDkvbmQmcRtg=="
        },
        "boolbase": {
            "version": "1.0.0",
            "resolved": "https://registry.npmjs.org/boolbase/-/boolbase-1.0.0.tgz",
            "integrity": "sha1-aN/1++YMUes3cl6p4+0xDcwed24="
        },
        "buffer-stream-reader": {
            "version": "0.1.1",
            "resolved": "https://registry.npmjs.org/buffer-stream-reader/-/buffer-stream-reader-0.1.1.tgz",
            "integrity": "sha1-yov5NjHe7di4+MO7RJkcwwlR4lk="
        },
        "camelcase": {
            "version": "5.3.1",
            "resolved": "https://registry.npmjs.org/camelcase/-/camelcase-5.3.1.tgz",
            "integrity": "sha512-L28STB170nwWS63UjtlEOE3dldQApaJXZkOI1uMFfzf3rRuPegHaHesyee+YxQ+W6SvRDQV6UrdOdRiR153wJg=="
        },
        "caseless": {
            "version": "0.12.0",
            "resolved": "https://registry.npmjs.org/caseless/-/caseless-0.12.0.tgz",
            "integrity": "sha1-G2gcIf+EAzyCZUMJBolCDRhxUdw="
        },
        "chalk": {
            "version": "3.0.0",
            "resolved": "https://registry.npmjs.org/chalk/-/chalk-3.0.0.tgz",
            "integrity": "sha512-4D3B6Wf41KOYRFdszmDqMCGq5VV/uMAB273JILmO+3jAlh8X4qDtdtgCR3fxtbLEMzSx22QdhnDcJvu2u1fVwg==",
            "requires": {
                "ansi-styles": "^4.1.0",
                "supports-color": "^7.1.0"
            }
        },
        "cheerio": {
            "version": "1.0.0-rc.10",
            "resolved": "https://registry.npmjs.org/cheerio/-/cheerio-1.0.0-rc.10.tgz",
            "integrity": "sha512-g0J0q/O6mW8z5zxQ3A8E8J1hUgp4SMOvEoW/x84OwyHKe/Zccz83PVT4y5Crcr530FV6NgmKI1qvGTKVl9XXVw==",
            "requires": {
                "cheerio-select": "^1.5.0",
                "dom-serializer": "^1.3.2",
                "domhandler": "^4.2.0",
                "htmlparser2": "^6.1.0",
                "parse5": "^6.0.1",
                "parse5-htmlparser2-tree-adapter": "^6.0.1",
                "tslib": "^2.2.0"
            }
        },
        "cheerio-select": {
            "version": "1.5.0",
            "resolved": "https://registry.npmjs.org/cheerio-select/-/cheerio-select-1.5.0.tgz",
            "integrity": "sha512-qocaHPv5ypefh6YNxvnbABM07KMxExbtbfuJoIie3iZXX1ERwYmJcIiRrr9H05ucQP1k28dav8rpdDgjQd8drg==",
            "requires": {
                "css-select": "^4.1.3",
                "css-what": "^5.0.1",
                "domelementtype": "^2.2.0",
                "domhandler": "^4.2.0",
                "domutils": "^2.7.0"
            }
        },
        "cli-cursor": {
            "version": "3.1.0",
            "resolved": "https://registry.npmjs.org/cli-cursor/-/cli-cursor-3.1.0.tgz",
            "integrity": "sha512-I/zHAwsKf9FqGoXM4WWRACob9+SNukZTd94DWF57E4toouRulbCxcUh6RKUEOQlYTHJnzkPMySvPNaaSLNfLZw==",
            "requires": {
                "restore-cursor": "^3.1.0"
            }
        },
        "cli-spinners": {
            "version": "2.6.1",
            "resolved": "https://registry.npmjs.org/cli-spinners/-/cli-spinners-2.6.1.tgz",
            "integrity": "sha512-x/5fWmGMnbKQAaNwN+UZlV79qBLM9JFnJuJ03gIi5whrob0xV0ofNVHy9DhwGdsMJQc2OKv0oGmLzvaqvAVv+g=="
        },
        "cliui": {
            "version": "5.0.0",
            "resolved": "https://registry.npmjs.org/cliui/-/cliui-5.0.0.tgz",
            "integrity": "sha512-PYeGSEmmHM6zvoef2w8TPzlrnNpXIjTipYK780YswmIP9vjxmd6Y2a3CB2Ks6/AU8NHjZugXvo8w3oWM2qnwXA==",
            "requires": {
                "string-width": "^3.1.0",
                "strip-ansi": "^5.2.0",
                "wrap-ansi": "^5.1.0"
            },
            "dependencies": {
                "ansi-regex": {
                    "version": "4.1.0",
                    "resolved": "https://registry.npmjs.org/ansi-regex/-/ansi-regex-4.1.0.tgz",
                    "integrity": "sha512-1apePfXM1UOSqw0o9IiFAovVz9M5S1Dg+4TrDwfMewQ6p/rmMueb7tWZjQ1rx4Loy1ArBggoqGpfqqdI4rondg=="
                },
                "strip-ansi": {
                    "version": "5.2.0",
                    "resolved": "https://registry.npmjs.org/strip-ansi/-/strip-ansi-5.2.0.tgz",
                    "integrity": "sha512-DuRs1gKbBqsMKIZlrffwlug8MHkcnpjs5VPmL1PAh+mA30U0DTotfDZ0d2UUsXpPmPmMMJ6W773MaA3J+lbiWA==",
                    "requires": {
                        "ansi-regex": "^4.1.0"
                    }
                }
            }
        },
        "clone": {
            "version": "1.0.4",
            "resolved": "https://registry.npmjs.org/clone/-/clone-1.0.4.tgz",
            "integrity": "sha1-2jCcwmPfFZlMaIypAheco8fNfH4="
        },
        "color-convert": {
            "version": "2.0.1",
            "resolved": "https://registry.npmjs.org/color-convert/-/color-convert-2.0.1.tgz",
            "integrity": "sha512-RRECPsj7iu/xb5oKYcsFHSppFNnsj/52OVTRKb4zP5onXwVF3zVmmToNcOfGC+CRDpfK/U584fMg38ZHCaElKQ==",
            "requires": {
                "color-name": "~1.1.4"
            }
        },
        "color-name": {
            "version": "1.1.4",
            "resolved": "https://registry.npmjs.org/color-name/-/color-name-1.1.4.tgz",
            "integrity": "sha512-dOy+3AuW3a2wNbZHIuMZpTcgjGuLU/uBL/ubcZF9OXbDo8ff4O8yVp5Bf0efS8uEoYo5q4Fx7dY9OgQGXgAsQA=="
        },
        "combined-stream": {
            "version": "1.0.8",
            "resolved": "https://registry.npmjs.org/combined-stream/-/combined-stream-1.0.8.tgz",
            "integrity": "sha512-FQN4MRfuJeHf7cBbBMJFXhKSDq+2kAArBlmRBvcvFE5BB1HZKXtSFASDhdlz9zOYwxh8lDdnvmMOe/+5cdoEdg==",
            "requires": {
                "delayed-stream": "~1.0.0"
            }
        },
        "commander": {
            "version": "2.20.3",
            "resolved": "https://registry.npmjs.org/commander/-/commander-2.20.3.tgz",
            "integrity": "sha512-GpVkmM8vF2vQUkj2LvZmD35JxeJOLCwJ9cUkugyk2nuhbv3+mJvpLYYt+0+USMxE+oj+ey/lJEnhZw75x/OMcQ=="
        },
        "core-util-is": {
            "version": "1.0.2",
            "resolved": "https://registry.npmjs.org/core-util-is/-/core-util-is-1.0.2.tgz",
            "integrity": "sha1-tf1UIgqivFq1eqtxQMlAdUUDwac="
        },
        "css-select": {
            "version": "4.2.1",
            "resolved": "https://registry.npmjs.org/css-select/-/css-select-4.2.1.tgz",
            "integrity": "sha512-/aUslKhzkTNCQUB2qTX84lVmfia9NyjP3WpDGtj/WxhwBzWBYUV3DgUpurHTme8UTPcPlAD1DJ+b0nN/t50zDQ==",
            "requires": {
                "boolbase": "^1.0.0",
                "css-what": "^5.1.0",
                "domhandler": "^4.3.0",
                "domutils": "^2.8.0",
                "nth-check": "^2.0.1"
            }
        },
        "css-what": {
            "version": "5.1.0",
            "resolved": "https://registry.npmjs.org/css-what/-/css-what-5.1.0.tgz",
            "integrity": "sha512-arSMRWIIFY0hV8pIxZMEfmMI47Wj3R/aWpZDDxWYCPEiOMv6tfOrnpDtgxBYPEQD4V0Y/958+1TdC3iWTFcUPw=="
        },
        "dashdash": {
            "version": "1.14.1",
            "resolved": "https://registry.npmjs.org/dashdash/-/dashdash-1.14.1.tgz",
            "integrity": "sha1-hTz6D3y+L+1d4gMmuN1YEDX24vA=",
            "requires": {
                "assert-plus": "^1.0.0"
            }
        },
        "debug": {
            "version": "4.3.3",
            "resolved": "https://registry.npmjs.org/debug/-/debug-4.3.3.tgz",
            "integrity": "sha512-/zxw5+vh1Tfv+4Qn7a5nsbcJKPaSvCDhojn6FEl9vupwK2VCSDtEiEtqr8DFtzYFOdz63LBkxec7DYuc2jon6Q==",
            "requires": {
                "ms": "2.1.2"
            }
        },
        "decamelize": {
            "version": "1.2.0",
            "resolved": "https://registry.npmjs.org/decamelize/-/decamelize-1.2.0.tgz",
            "integrity": "sha1-9lNNFRSCabIDUue+4m9QH5oZEpA="
        },
        "defaults": {
            "version": "1.0.3",
            "resolved": "https://registry.npmjs.org/defaults/-/defaults-1.0.3.tgz",
            "integrity": "sha1-xlYFHpgX2f8I7YgUd/P+QBnz730=",
            "requires": {
                "clone": "^1.0.2"
            }
        },
        "delayed-stream": {
            "version": "1.0.0",
            "resolved": "https://registry.npmjs.org/delayed-stream/-/delayed-stream-1.0.0.tgz",
            "integrity": "sha1-3zrhmayt+31ECqrgsp4icrJOxhk="
        },
        "dom-serializer": {
            "version": "1.3.2",
            "resolved": "https://registry.npmjs.org/dom-serializer/-/dom-serializer-1.3.2.tgz",
            "integrity": "sha512-5c54Bk5Dw4qAxNOI1pFEizPSjVsx5+bpJKmL2kPn8JhBUq2q09tTCa3mjijun2NfK78NMouDYNMBkOrPZiS+ig==",
            "requires": {
                "domelementtype": "^2.0.1",
                "domhandler": "^4.2.0",
                "entities": "^2.0.0"
            }
        },
        "domelementtype": {
            "version": "2.2.0",
            "resolved": "https://registry.npmjs.org/domelementtype/-/domelementtype-2.2.0.tgz",
            "integrity": "sha512-DtBMo82pv1dFtUmHyr48beiuq792Sxohr+8Hm9zoxklYPfa6n0Z3Byjj2IV7bmr2IyqClnqEQhfgHJJ5QF0R5A=="
        },
        "domhandler": {
            "version": "4.3.0",
            "resolved": "https://registry.npmjs.org/domhandler/-/domhandler-4.3.0.tgz",
            "integrity": "sha512-fC0aXNQXqKSFTr2wDNZDhsEYjCiYsDWl3D01kwt25hm1YIPyDGHvvi3rw+PLqHAl/m71MaiF7d5zvBr0p5UB2g==",
            "requires": {
                "domelementtype": "^2.2.0"
            }
        },
        "domutils": {
            "version": "2.8.0",
            "resolved": "https://registry.npmjs.org/domutils/-/domutils-2.8.0.tgz",
            "integrity": "sha512-w96Cjofp72M5IIhpjgobBimYEfoPjx1Vx0BSX9P30WBdZW2WIKU0T1Bd0kz2eNZ9ikjKgHbEyKx8BB6H1L3h3A==",
            "requires": {
                "dom-serializer": "^1.0.1",
                "domelementtype": "^2.2.0",
                "domhandler": "^4.2.0"
            }
        },
        "ecc-jsbn": {
            "version": "0.1.2",
            "resolved": "https://registry.npmjs.org/ecc-jsbn/-/ecc-jsbn-0.1.2.tgz",
            "integrity": "sha1-OoOpBOVDUyh4dMVkt1SThoSamMk=",
            "requires": {
                "jsbn": "~0.1.0",
                "safer-buffer": "^2.1.0"
            }
        },
        "emoji-regex": {
            "version": "7.0.3",
            "resolved": "https://registry.npmjs.org/emoji-regex/-/emoji-regex-7.0.3.tgz",
            "integrity": "sha512-CwBLREIQ7LvYFB0WyRvwhq5N5qPhc6PMjD6bYggFlI5YyDgl+0vxq5VHbMOFqLg7hfWzmu8T5Z1QofhmTIhItA=="
        },
        "entities": {
            "version": "2.2.0",
            "resolved": "https://registry.npmjs.org/entities/-/entities-2.2.0.tgz",
            "integrity": "sha512-p92if5Nz619I0w+akJrLZH0MX0Pb5DX39XOwQTtXSdQQOaYH03S1uIQp4mhOZtAXrxq4ViO67YTiLBo2638o9A=="
        },
        "escape-string-regexp": {
            "version": "1.0.5",
            "resolved": "https://registry.npmjs.org/escape-string-regexp/-/escape-string-regexp-1.0.5.tgz",
            "integrity": "sha1-G2HAViGQqN/2rjuyzwIAyhMLhtQ="
        },
        "extend": {
            "version": "3.0.2",
            "resolved": "https://registry.npmjs.org/extend/-/extend-3.0.2.tgz",
            "integrity": "sha512-fjquC59cD7CyW6urNXK0FBufkZcoiGG80wTuPujX590cB5Ttln20E2UB4S/WARVqhXffZl2LNgS+gQdPIIim/g=="
        },
        "extsprintf": {
            "version": "1.3.0",
            "resolved": "https://registry.npmjs.org/extsprintf/-/extsprintf-1.3.0.tgz",
            "integrity": "sha1-lpGEQOMEGnpBT4xS48V06zw+HgU="
        },
        "fast-deep-equal": {
            "version": "3.1.3",
            "resolved": "https://registry.npmjs.org/fast-deep-equal/-/fast-deep-equal-3.1.3.tgz",
            "integrity": "sha512-f3qQ9oQy9j2AhBe/H9VC91wLmKBCCU/gDOnKNAYG5hswO7BLKj09Hc5HYNz9cGI++xlpDCIgDaitVs03ATR84Q=="
        },
        "fast-json-stable-stringify": {
            "version": "2.1.0",
            "resolved": "https://registry.npmjs.org/fast-json-stable-stringify/-/fast-json-stable-stringify-2.1.0.tgz",
            "integrity": "sha512-lhd/wF+Lk98HZoTCtlVraHtfh5XYijIjalXck7saUtuanSDyLMxnHhSXEDJqHxD7msR8D0uCmqlkwjCV8xvwHw=="
        },
        "find-up": {
            "version": "3.0.0",
            "resolved": "https://registry.npmjs.org/find-up/-/find-up-3.0.0.tgz",
            "integrity": "sha512-1yD6RmLI1XBfxugvORwlck6f75tYL+iR0jqwsOrOxMZyGYqUuDhJ0l4AXdO1iX/FTs9cBAMEk1gWSEx1kSbylg==",
            "requires": {
                "locate-path": "^3.0.0"
            }
        },
        "forever-agent": {
            "version": "0.6.1",
            "resolved": "https://registry.npmjs.org/forever-agent/-/forever-agent-0.6.1.tgz",
            "integrity": "sha1-+8cfDEGt6zf5bFd60e1C2P2sypE="
        },
        "form-data": {
            "version": "2.3.3",
            "resolved": "https://registry.npmjs.org/form-data/-/form-data-2.3.3.tgz",
            "integrity": "sha512-1lLKB2Mu3aGP1Q/2eCOx0fNbRMe7XdwktwOruhfqqd0rIJWwN4Dh+E3hrPSlDCXnSR7UtZ1N38rVXm+6+MEhJQ==",
            "requires": {
                "asynckit": "^0.4.0",
                "combined-stream": "^1.0.6",
                "mime-types": "^2.1.12"
            }
        },
        "get-caller-file": {
            "version": "2.0.5",
            "resolved": "https://registry.npmjs.org/get-caller-file/-/get-caller-file-2.0.5.tgz",
            "integrity": "sha512-DyFP3BM/3YHTQOCUL/w0OZHR0lpKeGrxotcHWcqNEdnltqFwXVfhEBQ94eIo34AfQpo0rGki4cyIiftY06h2Fg=="
        },
        "getpass": {
            "version": "0.1.7",
            "resolved": "https://registry.npmjs.org/getpass/-/getpass-0.1.7.tgz",
            "integrity": "sha1-Xv+OPmhNVprkyysSgmBOi6YhSfo=",
            "requires": {
                "assert-plus": "^1.0.0"
            }
        },
        "har-schema": {
            "version": "2.0.0",
            "resolved": "https://registry.npmjs.org/har-schema/-/har-schema-2.0.0.tgz",
            "integrity": "sha1-qUwiJOvKwEeCoNkDVSHyRzW37JI="
        },
        "har-validator": {
            "version": "5.1.5",
            "resolved": "https://registry.npmjs.org/har-validator/-/har-validator-5.1.5.tgz",
            "integrity": "sha512-nmT2T0lljbxdQZfspsno9hgrG3Uir6Ks5afism62poxqBM6sDnMEuPmzTq8XN0OEwqKLLdh1jQI3qyE66Nzb3w==",
            "requires": {
                "ajv": "^6.12.3",
                "har-schema": "^2.0.0"
            }
        },
        "has-flag": {
            "version": "4.0.0",
            "resolved": "https://registry.npmjs.org/has-flag/-/has-flag-4.0.0.tgz",
            "integrity": "sha512-EykJT/Q1KjTWctppgIAgfSO0tKVuZUjhgMr17kqTumMl6Afv3EISleU7qZUzoXDFTAHTDC4NOoG/ZxU3EvlMPQ=="
        },
        "htmlparser2": {
            "version": "6.1.0",
            "resolved": "https://registry.npmjs.org/htmlparser2/-/htmlparser2-6.1.0.tgz",
            "integrity": "sha512-gyyPk6rgonLFEDGoeRgQNaEUvdJ4ktTmmUh/h2t7s+M8oPpIPxgNACWa+6ESR57kXstwqPiCut0V8NRpcwgU7A==",
            "requires": {
                "domelementtype": "^2.0.1",
                "domhandler": "^4.0.0",
                "domutils": "^2.5.2",
                "entities": "^2.0.0"
            }
        },
        "http-signature": {
            "version": "1.2.0",
            "resolved": "https://registry.npmjs.org/http-signature/-/http-signature-1.2.0.tgz",
            "integrity": "sha1-muzZJRFHcvPZW2WmCruPfBj7rOE=",
            "requires": {
                "assert-plus": "^1.0.0",
                "jsprim": "^1.2.2",
                "sshpk": "^1.7.0"
            }
        },
        "ip": {
            "version": "1.1.5",
            "resolved": "https://registry.npmjs.org/ip/-/ip-1.1.5.tgz",
            "integrity": "sha1-vd7XARQpCCjAoDnnLvJfWq7ENUo="
        },
        "ip-regex": {
            "version": "2.1.0",
            "resolved": "https://registry.npmjs.org/ip-regex/-/ip-regex-2.1.0.tgz",
            "integrity": "sha1-+ni/XS5pE8kRzp+BnuUUa7bYROk="
        },
        "is-fullwidth-code-point": {
            "version": "2.0.0",
            "resolved": "https://registry.npmjs.org/is-fullwidth-code-point/-/is-fullwidth-code-point-2.0.0.tgz",
            "integrity": "sha1-o7MKXE8ZkYMWeqq5O+764937ZU8="
        },
        "is-interactive": {
            "version": "1.0.0",
            "resolved": "https://registry.npmjs.org/is-interactive/-/is-interactive-1.0.0.tgz",
            "integrity": "sha512-2HvIEKRoqS62guEC+qBjpvRubdX910WCMuJTZ+I9yvqKU2/12eSL549HMwtabb4oupdj2sMP50k+XJfB/8JE6w=="
        },
        "is-typedarray": {
            "version": "1.0.0",
            "resolved": "https://registry.npmjs.org/is-typedarray/-/is-typedarray-1.0.0.tgz",
            "integrity": "sha1-5HnICFjfDBsR3dppQPlgEfzaSpo="
        },
        "isstream": {
            "version": "0.1.2",
            "resolved": "https://registry.npmjs.org/isstream/-/isstream-0.1.2.tgz",
            "integrity": "sha1-R+Y/evVa+m+S4VAOaQ64uFKcCZo="
        },
        "jsbn": {
            "version": "0.1.1",
            "resolved": "https://registry.npmjs.org/jsbn/-/jsbn-0.1.1.tgz",
            "integrity": "sha1-peZUwuWi3rXyAdls77yoDA7y9RM="
        },
        "json-schema": {
            "version": "0.4.0",
            "resolved": "https://registry.npmjs.org/json-schema/-/json-schema-0.4.0.tgz",
            "integrity": "sha512-es94M3nTIfsEPisRafak+HDLfHXnKBhV3vU5eqPcS3flIWqcxJWgXHXiey3YrpaNsanY5ei1VoYEbOzijuq9BA=="
        },
        "json-schema-traverse": {
            "version": "0.4.1",
            "resolved": "https://registry.npmjs.org/json-schema-traverse/-/json-schema-traverse-0.4.1.tgz",
            "integrity": "sha512-xbbCH5dCYU5T8LcEhhuh7HJ88HXuW3qsI3Y0zOZFKfZEHcpWiHU/Jxzk629Brsab/mMiHQti9wMP+845RPe3Vg=="
        },
        "json-stringify-safe": {
            "version": "5.0.1",
            "resolved": "https://registry.npmjs.org/json-stringify-safe/-/json-stringify-safe-5.0.1.tgz",
            "integrity": "sha1-Epai1Y/UXxmg9s4B1lcB4sc1tus="
        },
        "json2csv": {
            "version": "4.5.4",
            "resolved": "https://registry.npmjs.org/json2csv/-/json2csv-4.5.4.tgz",
            "integrity": "sha512-YxBhY4Lmn8IvVZ36nqg5omxneLy9JlorkqW1j/EDCeqvmi+CQ4uM+wsvXlcIqvGDewIPXMC/O/oF8DX9EH5aoA==",
            "requires": {
                "commander": "^2.15.1",
                "jsonparse": "^1.3.1",
                "lodash.get": "^4.4.2"
            }
        },
        "jsonparse": {
            "version": "1.3.1",
            "resolved": "https://registry.npmjs.org/jsonparse/-/jsonparse-1.3.1.tgz",
            "integrity": "sha1-P02uSpH6wxX3EGL4UhzCOfE2YoA="
        },
        "jsprim": {
            "version": "1.4.2",
            "resolved": "https://registry.npmjs.org/jsprim/-/jsprim-1.4.2.tgz",
            "integrity": "sha512-P2bSOMAc/ciLz6DzgjVlGJP9+BrJWu5UDGK70C2iweC5QBIeFf0ZXRvGjEj2uYgrY2MkAAhsSWHDWlFtEroZWw==",
            "requires": {
                "assert-plus": "1.0.0",
                "extsprintf": "1.3.0",
                "json-schema": "0.4.0",
                "verror": "1.10.0"
            }
        },
        "locate-path": {
            "version": "3.0.0",
            "resolved": "https://registry.npmjs.org/locate-path/-/locate-path-3.0.0.tgz",
            "integrity": "sha512-7AO748wWnIhNqAuaty2ZWHkQHRSNfPVIsPIfwEOWO22AmaoVrWavlOcMR5nzTLNYvp36X220/maaRsrec1G65A==",
            "requires": {
                "p-locate": "^3.0.0",
                "path-exists": "^3.0.0"
            }
        },
        "lodash": {
            "version": "4.17.21",
            "resolved": "https://registry.npmjs.org/lodash/-/lodash-4.17.21.tgz",
            "integrity": "sha512-v2kDEe57lecTulaDIuNTPy3Ry4gLGJ6Z1O3vE1krgXZNrsQ+LFTGHVxVjcXPs17LhbZVGedAJv8XZ1tvj5FvSg=="
        },
        "lodash.get": {
            "version": "4.4.2",
            "resolved": "https://registry.npmjs.org/lodash.get/-/lodash.get-4.4.2.tgz",
            "integrity": "sha1-LRd/ZS+jHpObRDjVNBSZ36OCXpk="
        },
        "log-symbols": {
            "version": "3.0.0",
            "resolved": "https://registry.npmjs.org/log-symbols/-/log-symbols-3.0.0.tgz",
            "integrity": "sha512-dSkNGuI7iG3mfvDzUuYZyvk5dD9ocYCYzNU6CYDE6+Xqd+gwme6Z00NS3dUh8mq/73HaEtT7m6W+yUPtU6BZnQ==",
            "requires": {
                "chalk": "^2.4.2"
            },
            "dependencies": {
                "ansi-styles": {
                    "version": "3.2.1",
                    "resolved": "https://registry.npmjs.org/ansi-styles/-/ansi-styles-3.2.1.tgz",
                    "integrity": "sha512-VT0ZI6kZRdTh8YyJw3SMbYm/u+NqfsAxEpWO0Pf9sq8/e94WxxOpPKx9FR1FlyCtOVDNOQ+8ntlqFxiRc+r5qA==",
                    "requires": {
                        "color-convert": "^1.9.0"
                    }
                },
                "chalk": {
                    "version": "2.4.2",
                    "resolved": "https://registry.npmjs.org/chalk/-/chalk-2.4.2.tgz",
                    "integrity": "sha512-Mti+f9lpJNcwF4tWV8/OrTTtF1gZi+f8FqlyAdouralcFWFQWF2+NgCHShjkCb+IFBLq9buZwE1xckQU4peSuQ==",
                    "requires": {
                        "ansi-styles": "^3.2.1",
                        "escape-string-regexp": "^1.0.5",
                        "supports-color": "^5.3.0"
                    }
                },
                "color-convert": {
                    "version": "1.9.3",
                    "resolved": "https://registry.npmjs.org/color-convert/-/color-convert-1.9.3.tgz",
                    "integrity": "sha512-QfAUtd+vFdAtFQcC8CCyYt1fYWxSqAiK2cSD6zDB8N3cpsEBAvRxp9zOGg6G/SHHJYAT88/az/IuDGALsNVbGg==",
                    "requires": {
                        "color-name": "1.1.3"
                    }
                },
                "color-name": {
                    "version": "1.1.3",
                    "resolved": "https://registry.npmjs.org/color-name/-/color-name-1.1.3.tgz",
                    "integrity": "sha1-p9BVi9icQveV3UIyj3QIMcpTvCU="
                },
                "has-flag": {
                    "version": "3.0.0",
                    "resolved": "https://registry.npmjs.org/has-flag/-/has-flag-3.0.0.tgz",
                    "integrity": "sha1-tdRU3CGZriJWmfNGfloH87lVuv0="
                },
                "supports-color": {
                    "version": "5.5.0",
                    "resolved": "https://registry.npmjs.org/supports-color/-/supports-color-5.5.0.tgz",
                    "integrity": "sha512-QjVjwdXIt408MIiAqCX4oUKsgU2EqAGzs2Ppkm4aQYbjm+ZEWEcW4SfFNTr4uMNZma0ey4f5lgLrkB0aX0QMow==",
                    "requires": {
                        "has-flag": "^3.0.0"
                    }
                }
            }
        },
        "mime-db": {
            "version": "1.51.0",
            "resolved": "https://registry.npmjs.org/mime-db/-/mime-db-1.51.0.tgz",
            "integrity": "sha512-5y8A56jg7XVQx2mbv1lu49NR4dokRnhZYTtL+KGfaa27uq4pSTXkwQkFJl4pkRMyNFz/EtYDSkiiEHx3F7UN6g=="
        },
        "mime-types": {
            "version": "2.1.34",
            "resolved": "https://registry.npmjs.org/mime-types/-/mime-types-2.1.34.tgz",
            "integrity": "sha512-6cP692WwGIs9XXdOO4++N+7qjqv0rqxxVvJ3VHPh/Sc9mVZcQP+ZGhkKiTvWMQRr2tbHkJP/Yn7Y0npb3ZBs4A==",
            "requires": {
                "mime-db": "1.51.0"
            }
        },
        "mimic-fn": {
            "version": "2.1.0",
            "resolved": "https://registry.npmjs.org/mimic-fn/-/mimic-fn-2.1.0.tgz",
            "integrity": "sha512-OqbOk5oEQeAZ8WXWydlu9HJjz9WVdEIvamMCcXmuqUYjTknH/sqsWvhQ3vgwKFRR1HpjvNBKQ37nbJgYzGqGcg=="
        },
        "moment": {
            "version": "2.29.1",
            "resolved": "https://registry.npmjs.org/moment/-/moment-2.29.1.tgz",
            "integrity": "sha512-kHmoybcPV8Sqy59DwNDY3Jefr64lK/by/da0ViFcuA4DH0vQg5Q6Ze5VimxkfQNSC+Mls/Kx53s7TjP1RhFEDQ=="
        },
        "ms": {
            "version": "2.1.2",
            "resolved": "https://registry.npmjs.org/ms/-/ms-2.1.2.tgz",
            "integrity": "sha512-sGkPx+VjMtmA6MX27oA4FBFELFCZZ4S4XqeGOXCv68tT+jb3vk/RyaKWP0PTKyWtmLSM0b+adUTEvbs1PEaH2w=="
        },
        "mute-stream": {
            "version": "0.0.8",
            "resolved": "https://registry.npmjs.org/mute-stream/-/mute-stream-0.0.8.tgz",
            "integrity": "sha512-nnbWWOkoWyUsTjKrhgD0dcz22mdkSnpYqbEjIm2nhwhuxlSkpywJmBo8h0ZqJdkp73mb90SssHkN4rsRaBAfAA=="
        },
        "nth-check": {
            "version": "2.0.1",
            "resolved": "https://registry.npmjs.org/nth-check/-/nth-check-2.0.1.tgz",
            "integrity": "sha512-it1vE95zF6dTT9lBsYbxvqh0Soy4SPowchj0UBGj/V6cTPnXXtQOPUbhZ6CmGzAD/rW22LQK6E96pcdJXk4A4w==",
            "requires": {
                "boolbase": "^1.0.0"
            }
        },
        "oauth-sign": {
            "version": "0.9.0",
            "resolved": "https://registry.npmjs.org/oauth-sign/-/oauth-sign-0.9.0.tgz",
            "integrity": "sha512-fexhUFFPTGV8ybAtSIGbV6gOkSv8UtRbDBnAyLQw4QPKkgNlsH2ByPGtMUqdWkos6YCRmAqViwgZrJc/mRDzZQ=="
        },
        "onetime": {
            "version": "5.1.2",
            "resolved": "https://registry.npmjs.org/onetime/-/onetime-5.1.2.tgz",
            "integrity": "sha512-kbpaSSGJTWdAY5KPVeMOKXSrPtr8C8C7wodJbcsd51jRnmD+GZu8Y0VoU6Dm5Z4vWr0Ig/1NKuWRKf7j5aaYSg==",
            "requires": {
                "mimic-fn": "^2.1.0"
            }
        },
        "ora": {
            "version": "4.1.1",
            "resolved": "https://registry.npmjs.org/ora/-/ora-4.1.1.tgz",
            "integrity": "sha512-sjYP8QyVWBpBZWD6Vr1M/KwknSw6kJOz41tvGMlwWeClHBtYKTbHMki1PsLZnxKpXMPbTKv9b3pjQu3REib96A==",
            "requires": {
                "chalk": "^3.0.0",
                "cli-cursor": "^3.1.0",
                "cli-spinners": "^2.2.0",
                "is-interactive": "^1.0.0",
                "log-symbols": "^3.0.0",
                "mute-stream": "0.0.8",
                "strip-ansi": "^6.0.0",
                "wcwidth": "^1.0.1"
            }
        },
        "p-limit": {
            "version": "2.3.0",
            "resolved": "https://registry.npmjs.org/p-limit/-/p-limit-2.3.0.tgz",
            "integrity": "sha512-//88mFWSJx8lxCzwdAABTJL2MyWB12+eIY7MDL2SqLmAkeKU9qxRvWuSyTjm3FUmpBEMuFfckAIqEaVGUDxb6w==",
            "requires": {
                "p-try": "^2.0.0"
            }
        },
        "p-locate": {
            "version": "3.0.0",
            "resolved": "https://registry.npmjs.org/p-locate/-/p-locate-3.0.0.tgz",
            "integrity": "sha512-x+12w/To+4GFfgJhBEpiDcLozRJGegY+Ei7/z0tSLkMmxGZNybVMSfWj9aJn8Z5Fc7dBUNJOOVgPv2H7IwulSQ==",
            "requires": {
                "p-limit": "^2.0.0"
            }
        },
        "p-try": {
            "version": "2.2.0",
            "resolved": "https://registry.npmjs.org/p-try/-/p-try-2.2.0.tgz",
            "integrity": "sha512-R4nPAVTAU0B9D35/Gk3uJf/7XYbQcyohSKdvAxIRSNghFl4e71hVoGnBNQz9cWaXxO2I10KTC+3jMdvvoKw6dQ=="
        },
        "parse5": {
            "version": "6.0.1",
            "resolved": "https://registry.npmjs.org/parse5/-/parse5-6.0.1.tgz",
            "integrity": "sha512-Ofn/CTFzRGTTxwpNEs9PP93gXShHcTq255nzRYSKe8AkVpZY7e1fpmTfOyoIvjP5HG7Z2ZM7VS9PPhQGW2pOpw=="
        },
        "parse5-htmlparser2-tree-adapter": {
            "version": "6.0.1",
            "resolved": "https://registry.npmjs.org/parse5-htmlparser2-tree-adapter/-/parse5-htmlparser2-tree-adapter-6.0.1.tgz",
            "integrity": "sha512-qPuWvbLgvDGilKc5BoicRovlT4MtYT6JfJyBOMDsKoiT+GiuP5qyrPCnR9HcPECIJJmZh5jRndyNThnhhb/vlA==",
            "requires": {
                "parse5": "^6.0.1"
            }
        },
        "path-exists": {
            "version": "3.0.0",
            "resolved": "https://registry.npmjs.org/path-exists/-/path-exists-3.0.0.tgz",
            "integrity": "sha1-zg6+ql94yxiSXqfYENe1mwEP1RU="
        },
        "performance-now": {
            "version": "2.1.0",
            "resolved": "https://registry.npmjs.org/performance-now/-/performance-now-2.1.0.tgz",
            "integrity": "sha1-Ywn04OX6kT7BxpMHrjZLSzd8nns="
        },
        "psl": {
            "version": "1.8.0",
            "resolved": "https://registry.npmjs.org/psl/-/psl-1.8.0.tgz",
            "integrity": "sha512-RIdOzyoavK+hA18OGGWDqUTsCLhtA7IcZ/6NCs4fFJaHBDab+pDDmDIByWFRQJq2Cd7r1OoQxBGKOaztq+hjIQ=="
        },
        "punycode": {
            "version": "2.1.1",
            "resolved": "https://registry.npmjs.org/punycode/-/punycode-2.1.1.tgz",
            "integrity": "sha512-XRsRjdf+j5ml+y/6GKHPZbrF/8p2Yga0JPtdqTIY2Xe5ohJPD9saDJJLPvp9+NSBprVvevdXZybnj2cv8OEd0A=="
        },
        "qs": {
            "version": "6.5.2",
            "resolved": "https://registry.npmjs.org/qs/-/qs-6.5.2.tgz",
            "integrity": "sha512-N5ZAX4/LxJmF+7wN74pUD6qAh9/wnvdQcjq9TZjevvXzSUo7bfmw91saqMjzGS2xq91/odN2dW/WOl7qQHNDGA=="
        },
        "request": {
            "version": "2.88.2",
            "resolved": "https://registry.npmjs.org/request/-/request-2.88.2.tgz",
            "integrity": "sha512-MsvtOrfG9ZcrOwAW+Qi+F6HbD0CWXEh9ou77uOb7FM2WPhwT7smM833PzanhJLsgXjN89Ir6V2PczXNnMpwKhw==",
            "requires": {
                "aws-sign2": "~0.7.0",
                "aws4": "^1.8.0",
                "caseless": "~0.12.0",
                "combined-stream": "~1.0.6",
                "extend": "~3.0.2",
                "forever-agent": "~0.6.1",
                "form-data": "~2.3.2",
                "har-validator": "~5.1.3",
                "http-signature": "~1.2.0",
                "is-typedarray": "~1.0.0",
                "isstream": "~0.1.2",
                "json-stringify-safe": "~5.0.1",
                "mime-types": "~2.1.19",
                "oauth-sign": "~0.9.0",
                "performance-now": "^2.1.0",
                "qs": "~6.5.2",
                "safe-buffer": "^5.1.2",
                "tough-cookie": "~2.5.0",
                "tunnel-agent": "^0.6.0",
                "uuid": "^3.3.2"
            },
            "dependencies": {
                "tough-cookie": {
                    "version": "2.5.0",
                    "resolved": "https://registry.npmjs.org/tough-cookie/-/tough-cookie-2.5.0.tgz",
                    "integrity": "sha512-nlLsUzgm1kfLXSXfRZMc1KLAugd4hqJHDTvc2hDIwS3mZAfMEuMbc03SujMF+GEcpaX/qboeycw6iO8JwVv2+g==",
                    "requires": {
                        "psl": "^1.1.28",
                        "punycode": "^2.1.1"
                    }
                }
            }
        },
        "request-promise": {
            "version": "4.2.6",
            "resolved": "https://registry.npmjs.org/request-promise/-/request-promise-4.2.6.tgz",
            "integrity": "sha512-HCHI3DJJUakkOr8fNoCc73E5nU5bqITjOYFMDrKHYOXWXrgD/SBaC7LjwuPymUprRyuF06UK7hd/lMHkmUXglQ==",
            "requires": {
                "bluebird": "^3.5.0",
                "request-promise-core": "1.1.4",
                "stealthy-require": "^1.1.1",
                "tough-cookie": "^2.3.3"
            },
            "dependencies": {
                "tough-cookie": {
                    "version": "2.5.0",
                    "resolved": "https://registry.npmjs.org/tough-cookie/-/tough-cookie-2.5.0.tgz",
                    "integrity": "sha512-nlLsUzgm1kfLXSXfRZMc1KLAugd4hqJHDTvc2hDIwS3mZAfMEuMbc03SujMF+GEcpaX/qboeycw6iO8JwVv2+g==",
                    "requires": {
                        "psl": "^1.1.28",
                        "punycode": "^2.1.1"
                    }
                }
            }
        },
        "request-promise-core": {
            "version": "1.1.4",
            "resolved": "https://registry.npmjs.org/request-promise-core/-/request-promise-core-1.1.4.tgz",
            "integrity": "sha512-TTbAfBBRdWD7aNNOoVOBH4pN/KigV6LyapYNNlAPA8JwbovRti1E88m3sYAwsLi5ryhPKsE9APwnjFTgdUjTpw==",
            "requires": {
                "lodash": "^4.17.19"
            }
        },
        "require-directory": {
            "version": "2.1.1",
            "resolved": "https://registry.npmjs.org/require-directory/-/require-directory-2.1.1.tgz",
            "integrity": "sha1-jGStX9MNqxyXbiNE/+f3kqam30I="
        },
        "require-main-filename": {
            "version": "2.0.0",
            "resolved": "https://registry.npmjs.org/require-main-filename/-/require-main-filename-2.0.0.tgz",
            "integrity": "sha512-NKN5kMDylKuldxYLSUfrbo5Tuzh4hd+2E8NPPX02mZtn1VuREQToYe/ZdlJy+J3uCpfaiGF05e7B8W0iXbQHmg=="
        },
        "restore-cursor": {
            "version": "3.1.0",
            "resolved": "https://registry.npmjs.org/restore-cursor/-/restore-cursor-3.1.0.tgz",
            "integrity": "sha512-l+sSefzHpj5qimhFSE5a8nufZYAM3sBSVMAPtYkmC+4EH2anSGaEMXSD0izRQbu9nfyQ9y5JrVmp7E8oZrUjvA==",
            "requires": {
                "onetime": "^5.1.0",
                "signal-exit": "^3.0.2"
            }
        },
        "safe-buffer": {
            "version": "5.2.1",
            "resolved": "https://registry.npmjs.org/safe-buffer/-/safe-buffer-5.2.1.tgz",
            "integrity": "sha512-rp3So07KcdmmKbGvgaNxQSJr7bGVSVk5S9Eq1F+ppbRo70+YeaDxkw5Dd8NPN+GD6bjnYm2VuPuCXmpuYvmCXQ=="
        },
        "safer-buffer": {
            "version": "2.1.2",
            "resolved": "https://registry.npmjs.org/safer-buffer/-/safer-buffer-2.1.2.tgz",
            "integrity": "sha512-YZo3K82SD7Riyi0E1EQPojLz7kpepnSQI9IyPbHHg1XXXevb5dJI7tpyN2ADxGcQbHG7vcyRHk0cbwqcQriUtg=="
        },
        "set-blocking": {
            "version": "2.0.0",
            "resolved": "https://registry.npmjs.org/set-blocking/-/set-blocking-2.0.0.tgz",
            "integrity": "sha1-BF+XgtARrppoA93TgrJDkrPYkPc="
        },
        "signal-exit": {
            "version": "3.0.6",
            "resolved": "https://registry.npmjs.org/signal-exit/-/signal-exit-3.0.6.tgz",
            "integrity": "sha512-sDl4qMFpijcGw22U5w63KmD3cZJfBuFlVNbVMKje2keoKML7X2UzWbc4XrmEbDwg0NXJc3yv4/ox7b+JWb57kQ=="
        },
        "smart-buffer": {
            "version": "4.2.0",
            "resolved": "https://registry.npmjs.org/smart-buffer/-/smart-buffer-4.2.0.tgz",
            "integrity": "sha512-94hK0Hh8rPqQl2xXc3HsaBoOXKV20MToPkcXvwbISWLEs+64sBq5kFgn2kJDHb1Pry9yrP0dxrCI9RRci7RXKg=="
        },
        "socks": {
            "version": "2.6.1",
            "resolved": "https://registry.npmjs.org/socks/-/socks-2.6.1.tgz",
            "integrity": "sha512-kLQ9N5ucj8uIcxrDwjm0Jsqk06xdpBjGNQtpXy4Q8/QY2k+fY7nZH8CARy+hkbG+SGAovmzzuauCpBlb8FrnBA==",
            "requires": {
                "ip": "^1.1.5",
                "smart-buffer": "^4.1.0"
            }
        },
        "socks-proxy-agent": {
            "version": "5.0.1",
            "resolved": "https://registry.npmjs.org/socks-proxy-agent/-/socks-proxy-agent-5.0.1.tgz",
            "integrity": "sha512-vZdmnjb9a2Tz6WEQVIurybSwElwPxMZaIc7PzqbJTrezcKNznv6giT7J7tZDZ1BojVaa1jvO/UiUdhDVB0ACoQ==",
            "requires": {
                "agent-base": "^6.0.2",
                "debug": "4",
                "socks": "^2.3.3"
            }
        },
        "sshpk": {
            "version": "1.16.1",
            "resolved": "https://registry.npmjs.org/sshpk/-/sshpk-1.16.1.tgz",
            "integrity": "sha512-HXXqVUq7+pcKeLqqZj6mHFUMvXtOJt1uoUx09pFW6011inTMxqI8BA8PM95myrIyyKwdnzjdFjLiE6KBPVtJIg==",
            "requires": {
                "asn1": "~0.2.3",
                "assert-plus": "^1.0.0",
                "bcrypt-pbkdf": "^1.0.0",
                "dashdash": "^1.12.0",
                "ecc-jsbn": "~0.1.1",
                "getpass": "^0.1.1",
                "jsbn": "~0.1.0",
                "safer-buffer": "^2.0.2",
                "tweetnacl": "~0.14.0"
            }
        },
        "stealthy-require": {
            "version": "1.1.1",
            "resolved": "https://registry.npmjs.org/stealthy-require/-/stealthy-require-1.1.1.tgz",
            "integrity": "sha1-NbCYdbT/SfJqd35QmzCQoyJr8ks="
        },
        "string-width": {
            "version": "3.1.0",
            "resolved": "https://registry.npmjs.org/string-width/-/string-width-3.1.0.tgz",
            "integrity": "sha512-vafcv6KjVZKSgz06oM/H6GDBrAtz8vdhQakGjFIvNrHA6y3HCF1CInLy+QLq8dTJPQ1b+KDUqDFctkdRW44e1w==",
            "requires": {
                "emoji-regex": "^7.0.1",
                "is-fullwidth-code-point": "^2.0.0",
                "strip-ansi": "^5.1.0"
            },
            "dependencies": {
                "ansi-regex": {
                    "version": "4.1.0",
                    "resolved": "https://registry.npmjs.org/ansi-regex/-/ansi-regex-4.1.0.tgz",
                    "integrity": "sha512-1apePfXM1UOSqw0o9IiFAovVz9M5S1Dg+4TrDwfMewQ6p/rmMueb7tWZjQ1rx4Loy1ArBggoqGpfqqdI4rondg=="
                },
                "strip-ansi": {
                    "version": "5.2.0",
                    "resolved": "https://registry.npmjs.org/strip-ansi/-/strip-ansi-5.2.0.tgz",
                    "integrity": "sha512-DuRs1gKbBqsMKIZlrffwlug8MHkcnpjs5VPmL1PAh+mA30U0DTotfDZ0d2UUsXpPmPmMMJ6W773MaA3J+lbiWA==",
                    "requires": {
                        "ansi-regex": "^4.1.0"
                    }
                }
            }
        },
        "strip-ansi": {
            "version": "6.0.1",
            "resolved": "https://registry.npmjs.org/strip-ansi/-/strip-ansi-6.0.1.tgz",
            "integrity": "sha512-Y38VPSHcqkFrCpFnQ9vuSXmquuv5oXOKpGeT6aGrr3o3Gc9AlVa6JBfUSOCnbxGGZF+/0ooI7KrPuUSztUdU5A==",
            "requires": {
                "ansi-regex": "^5.0.1"
            }
        },
        "supports-color": {
            "version": "7.2.0",
            "resolved": "https://registry.npmjs.org/supports-color/-/supports-color-7.2.0.tgz",
            "integrity": "sha512-qpCAvRl9stuOHveKsn7HncJRvv501qIacKzQlO/+Lwxc9+0q2wLyv4Dfvt80/DPn2pqOBsJdDiogXGR9+OvwRw==",
            "requires": {
                "has-flag": "^4.0.0"
            }
        },
        "tough-cookie": {
            "version": "3.0.1",
            "resolved": "https://registry.npmjs.org/tough-cookie/-/tough-cookie-3.0.1.tgz",
            "integrity": "sha512-yQyJ0u4pZsv9D4clxO69OEjLWYw+jbgspjTue4lTQZLfV0c5l1VmK2y1JK8E9ahdpltPOaAThPcp5nKPUgSnsg==",
            "requires": {
                "ip-regex": "^2.1.0",
                "psl": "^1.1.28",
                "punycode": "^2.1.1"
            }
        },
        "tslib": {
            "version": "2.3.1",
            "resolved": "https://registry.npmjs.org/tslib/-/tslib-2.3.1.tgz",
            "integrity": "sha512-77EbyPPpMz+FRFRuAFlWMtmgUWGe9UOG2Z25NqCwiIjRhOf5iKGuzSe5P2w1laq+FkRy4p+PCuVkJSGkzTEKVw=="
        },
        "tunnel-agent": {
            "version": "0.6.0",
            "resolved": "https://registry.npmjs.org/tunnel-agent/-/tunnel-agent-0.6.0.tgz",
            "integrity": "sha1-J6XeoGs2sEoKmWZ3SykIaPD8QP0=",
            "requires": {
                "safe-buffer": "^5.0.1"
            }
        },
        "tweetnacl": {
            "version": "0.14.5",
            "resolved": "https://registry.npmjs.org/tweetnacl/-/tweetnacl-0.14.5.tgz",
            "integrity": "sha1-WuaBd/GS1EViadEIr6k/+HQ/T2Q="
        },
        "uri-js": {
            "version": "4.4.1",
            "resolved": "https://registry.npmjs.org/uri-js/-/uri-js-4.4.1.tgz",
            "integrity": "sha512-7rKUyy33Q1yc98pQ1DAmLtwX109F7TIfWlW1Ydo8Wl1ii1SeHieeh0HHfPeL2fMXK6z0s8ecKs9frCuLJvndBg==",
            "requires": {
                "punycode": "^2.1.0"
            }
        },
        "uuid": {
            "version": "3.4.0",
            "resolved": "https://registry.npmjs.org/uuid/-/uuid-3.4.0.tgz",
            "integrity": "sha512-HjSDRw6gZE5JMggctHBcjVak08+KEVhSIiDzFnT9S9aegmp85S/bReBVTb4QTFaRNptJ9kuYaNhnbNEOkbKb/A=="
        },
        "verror": {
            "version": "1.10.0",
            "resolved": "https://registry.npmjs.org/verror/-/verror-1.10.0.tgz",
            "integrity": "sha1-OhBcoXBTr1XW4nDB+CiGguGNpAA=",
            "requires": {
                "assert-plus": "^1.0.0",
                "core-util-is": "1.0.2",
                "extsprintf": "^1.2.0"
            }
        },
        "wcwidth": {
            "version": "1.0.1",
            "resolved": "https://registry.npmjs.org/wcwidth/-/wcwidth-1.0.1.tgz",
            "integrity": "sha1-8LDc+RW8X/FSivrbLA4XtTLaL+g=",
            "requires": {
                "defaults": "^1.0.3"
            }
        },
        "webhdfs": {
            "version": "1.2.0",
            "resolved": "https://registry.npmjs.org/webhdfs/-/webhdfs-1.2.0.tgz",
            "integrity": "sha512-h8D/NT7ruDMuGCdJNEJHJh8vDTEtZ5hBL+eRzXTq/INTd92LKOhsTCwlQI+8kTt79qPZq5O8ev7j/Y19VeYCHQ==",
            "requires": {
                "buffer-stream-reader": "^0.1.1",
                "extend": "^3.0.0",
                "request": "^2.74.0"
            }
        },
        "which-module": {
            "version": "2.0.0",
            "resolved": "https://registry.npmjs.org/which-module/-/which-module-2.0.0.tgz",
            "integrity": "sha1-2e8H3Od7mQK4o6j6SzHD4/fm6Ho="
        },
        "wrap-ansi": {
            "version": "5.1.0",
            "resolved": "https://registry.npmjs.org/wrap-ansi/-/wrap-ansi-5.1.0.tgz",
            "integrity": "sha512-QC1/iN/2/RPVJ5jYK8BGttj5z83LmSKmvbvrXPNCLZSEb32KKVDJDl/MOt2N01qU2H/FkzEa9PKto1BqDjtd7Q==",
            "requires": {
                "ansi-styles": "^3.2.0",
                "string-width": "^3.0.0",
                "strip-ansi": "^5.0.0"
            },
            "dependencies": {
                "ansi-regex": {
                    "version": "4.1.0",
                    "resolved": "https://registry.npmjs.org/ansi-regex/-/ansi-regex-4.1.0.tgz",
                    "integrity": "sha512-1apePfXM1UOSqw0o9IiFAovVz9M5S1Dg+4TrDwfMewQ6p/rmMueb7tWZjQ1rx4Loy1ArBggoqGpfqqdI4rondg=="
                },
                "ansi-styles": {
                    "version": "3.2.1",
                    "resolved": "https://registry.npmjs.org/ansi-styles/-/ansi-styles-3.2.1.tgz",
                    "integrity": "sha512-VT0ZI6kZRdTh8YyJw3SMbYm/u+NqfsAxEpWO0Pf9sq8/e94WxxOpPKx9FR1FlyCtOVDNOQ+8ntlqFxiRc+r5qA==",
                    "requires": {
                        "color-convert": "^1.9.0"
                    }
                },
                "color-convert": {
                    "version": "1.9.3",
                    "resolved": "https://registry.npmjs.org/color-convert/-/color-convert-1.9.3.tgz",
                    "integrity": "sha512-QfAUtd+vFdAtFQcC8CCyYt1fYWxSqAiK2cSD6zDB8N3cpsEBAvRxp9zOGg6G/SHHJYAT88/az/IuDGALsNVbGg==",
                    "requires": {
                        "color-name": "1.1.3"
                    }
                },
                "color-name": {
                    "version": "1.1.3",
                    "resolved": "https://registry.npmjs.org/color-name/-/color-name-1.1.3.tgz",
                    "integrity": "sha1-p9BVi9icQveV3UIyj3QIMcpTvCU="
                },
                "strip-ansi": {
                    "version": "5.2.0",
                    "resolved": "https://registry.npmjs.org/strip-ansi/-/strip-ansi-5.2.0.tgz",
                    "integrity": "sha512-DuRs1gKbBqsMKIZlrffwlug8MHkcnpjs5VPmL1PAh+mA30U0DTotfDZ0d2UUsXpPmPmMMJ6W773MaA3J+lbiWA==",
                    "requires": {
                        "ansi-regex": "^4.1.0"
                    }
                }
            }
        },
        "y18n": {
            "version": "4.0.3",
            "resolved": "https://registry.npmjs.org/y18n/-/y18n-4.0.3.tgz",
            "integrity": "sha512-JKhqTOwSrqNA1NY5lSztJ1GrBiUodLMmIZuLiDaMRJ+itFd+ABVE8XBjOvIWL+rSqNDC74LCSFmlb/U4UZ4hJQ=="
        },
        "yargs": {
            "version": "14.2.3",
            "resolved": "https://registry.npmjs.org/yargs/-/yargs-14.2.3.tgz",
            "integrity": "sha512-ZbotRWhF+lkjijC/VhmOT9wSgyBQ7+zr13+YLkhfsSiTriYsMzkTUFP18pFhWwBeMa5gUc1MzbhrO6/VB7c9Xg==",
            "requires": {
                "cliui": "^5.0.0",
                "decamelize": "^1.2.0",
                "find-up": "^3.0.0",
                "get-caller-file": "^2.0.1",
                "require-directory": "^2.1.1",
                "require-main-filename": "^2.0.0",
                "set-blocking": "^2.0.0",
                "string-width": "^3.0.0",
                "which-module": "^2.0.0",
                "y18n": "^4.0.0",
                "yargs-parser": "^15.0.1"
            }
        },
        "yargs-parser": {
            "version": "15.0.3",
            "resolved": "https://registry.npmjs.org/yargs-parser/-/yargs-parser-15.0.3.tgz",
            "integrity": "sha512-/MVEVjTXy/cGAjdtQf8dW3V9b97bPN7rNn8ETj6BmAQL7ibC7O1Q9SPJbGjgh3SlwoBNXMzj/ZGIj8mBgl12YA==",
            "requires": {
                "camelcase": "^5.0.0",
                "decamelize": "^1.2.0"
            }
        }
    }
}
